
Microsoft Visual Studio Solution File, Format Version 12.00
# Visual Studio Version 16
VisualStudioVersion = 16.0.31624.102
MinimumVisualStudioVersion = 10.0.40219.1
Project("{FAE04EC0-301F-11D3-BF4B-00C04F79EFBC}") = "Capstone 1.0", "Capstone 1.0\Capstone 1.0.csproj", "{628B6CAB-EE05-489B-A92E-F42ABB217554}"
EndProject
Global
	GlobalSection(SolutionConfigurationPlatforms) = preSolution
		Debug|Any CPU = Debug|Any CPU
		Release|Any CPU = Release|Any CPU
	EndGlobalSection
	GlobalSection(ProjectConfigurationPlatforms) = postSolution
		{628B6CAB-EE05-489B-A92E-F42ABB217554}.Debug|Any CPU.ActiveCfg = Debug|Any CPU
		{628B6CAB-EE05-489B-A92E-F42ABB217554}.Debug|Any CPU.Build.0 = Debug|Any CPU
		{628B6CAB-EE05-489B-A92E-F42ABB217554}.Release|Any CPU.ActiveCfg = Release|Any CPU
		{628B6CAB-EE05-489B-A92E-F42ABB217554}.Release|Any CPU.Build.0 = Release|Any CPU
	EndGlobalSection
	GlobalSection(SolutionProperties) = preSolution
		HideSolutionNode = FALSE
	EndGlobalSection
	GlobalSection(ExtensibilityGlobals) = postSolution
		SolutionGuid = {ABB24DF5-6BCA-4F86-BBE6-7A9E0BCD1C7F}
	EndGlobalSection
EndGlobal
